// !$*UTF8*$!
{
	archiveVersion = 1;
	classes = {
	};
	objectVersion = 55;
	objects = {

/* Begin PBXBuildFile section */
		084AB646C62E07DB73DC8842 /* Pods_CinemaList_AlkemyChallengue.framework in Frameworks */ = {isa = PBXBuildFile; fileRef = E12262575B5580FECB67C7A1 /* Pods_CinemaList_AlkemyChallengue.framework */; };
		D248E24B280CD6D400A300CE /* AppDelegate.swift in Sources */ = {isa = PBXBuildFile; fileRef = D248E24A280CD6D400A300CE /* AppDelegate.swift */; };
		D248E24D280CD6D400A300CE /* SceneDelegate.swift in Sources */ = {isa = PBXBuildFile; fileRef = D248E24C280CD6D400A300CE /* SceneDelegate.swift */; };
		D248E254280CD6D700A300CE /* Assets.xcassets in Resources */ = {isa = PBXBuildFile; fileRef = D248E253280CD6D700A300CE /* Assets.xcassets */; };
		D248E257280CD6D700A300CE /* LaunchScreen.storyboard in Resources */ = {isa = PBXBuildFile; fileRef = D248E255280CD6D700A300CE /* LaunchScreen.storyboard */; };
		D248E260280CD72D00A300CE /* MovieListViewController.swift in Sources */ = {isa = PBXBuildFile; fileRef = D248E25E280CD72D00A300CE /* MovieListViewController.swift */; };
		D248E261280CD72D00A300CE /* MovieListViewController.xib in Resources */ = {isa = PBXBuildFile; fileRef = D248E25F280CD72D00A300CE /* MovieListViewController.xib */; };
		D248E264280CDA0B00A300CE /* MovieCell.swift in Sources */ = {isa = PBXBuildFile; fileRef = D248E262280CDA0B00A300CE /* MovieCell.swift */; };
		D248E265280CDA0B00A300CE /* MovieCell.xib in Resources */ = {isa = PBXBuildFile; fileRef = D248E263280CDA0B00A300CE /* MovieCell.xib */; };
		D248E267280CE50600A300CE /* MovieModel.swift in Sources */ = {isa = PBXBuildFile; fileRef = D248E266280CE50600A300CE /* MovieModel.swift */; };
		D248E269280CE64900A300CE /* APIConection.swift in Sources */ = {isa = PBXBuildFile; fileRef = D248E268280CE64800A300CE /* APIConection.swift */; };
/* End PBXBuildFile section */

/* Begin PBXFileReference section */
		54682F1F1BD3264F3E2D4772 /* Pods-CinemaList-AlkemyChallengue.debug.xcconfig */ = {isa = PBXFileReference; includeInIndex = 1; lastKnownFileType = text.xcconfig; name = "Pods-CinemaList-AlkemyChallengue.debug.xcconfig"; path = "Target Support Files/Pods-CinemaList-AlkemyChallengue/Pods-CinemaList-AlkemyChallengue.debug.xcconfig"; sourceTree = "<group>"; };
		D248E247280CD6D400A300CE /* CinemaList-AlkemyChallengue.app */ = {isa = PBXFileReference; explicitFileType = wrapper.application; includeInIndex = 0; path = "CinemaList-AlkemyChallengue.app"; sourceTree = BUILT_PRODUCTS_DIR; };
		D248E24A280CD6D400A300CE /* AppDelegate.swift */ = {isa = PBXFileReference; lastKnownFileType = sourcecode.swift; path = AppDelegate.swift; sourceTree = "<group>"; };
		D248E24C280CD6D400A300CE /* SceneDelegate.swift */ = {isa = PBXFileReference; lastKnownFileType = sourcecode.swift; path = SceneDelegate.swift; sourceTree = "<group>"; };
		D248E253280CD6D700A300CE /* Assets.xcassets */ = {isa = PBXFileReference; lastKnownFileType = folder.assetcatalog; path = Assets.xcassets; sourceTree = "<group>"; };
		D248E256280CD6D700A300CE /* Base */ = {isa = PBXFileReference; lastKnownFileType = file.storyboard; name = Base; path = Base.lproj/LaunchScreen.storyboard; sourceTree = "<group>"; };
		D248E258280CD6D700A300CE /* Info.plist */ = {isa = PBXFileReference; lastKnownFileType = text.plist.xml; path = Info.plist; sourceTree = "<group>"; };
		D248E25E280CD72D00A300CE /* MovieListViewController.swift */ = {isa = PBXFileReference; lastKnownFileType = sourcecode.swift; path = MovieListViewController.swift; sourceTree = "<group>"; };
		D248E25F280CD72D00A300CE /* MovieListViewController.xib */ = {isa = PBXFileReference; lastKnownFileType = file.xib; path = MovieListViewController.xib; sourceTree = "<group>"; };
		D248E262280CDA0B00A300CE /* MovieCell.swift */ = {isa = PBXFileReference; lastKnownFileType = sourcecode.swift; path = MovieCell.swift; sourceTree = "<group>"; };
		D248E263280CDA0B00A300CE /* MovieCell.xib */ = {isa = PBXFileReference; lastKnownFileType = file.xib; path = MovieCell.xib; sourceTree = "<group>"; };
		D248E266280CE50600A300CE /* MovieModel.swift */ = {isa = PBXFileReference; lastKnownFileType = sourcecode.swift; path = MovieModel.swift; sourceTree = "<group>"; };
		D248E268280CE64800A300CE /* APIConection.swift */ = {isa = PBXFileReference; lastKnownFileType = sourcecode.swift; path = APIConection.swift; sourceTree = "<group>"; };
		E12262575B5580FECB67C7A1 /* Pods_CinemaList_AlkemyChallengue.framework */ = {isa = PBXFileReference; explicitFileType = wrapper.framework; includeInIndex = 0; path = Pods_CinemaList_AlkemyChallengue.framework; sourceTree = BUILT_PRODUCTS_DIR; };
		E213FE5105535D930B2618AC /* Pods-CinemaList-AlkemyChallengue.release.xcconfig */ = {isa = PBXFileReference; includeInIndex = 1; lastKnownFileType = text.xcconfig; name = "Pods-CinemaList-AlkemyChallengue.release.xcconfig"; path = "Target Support Files/Pods-CinemaList-AlkemyChallengue/Pods-CinemaList-AlkemyChallengue.release.xcconfig"; sourceTree = "<group>"; };
/* End PBXFileReference section */

/* Begin PBXFrameworksBuildPhase section */
		D248E244280CD6D400A300CE /* Frameworks */ = {
			isa = PBXFrameworksBuildPhase;
			buildActionMask = 2147483647;
			files = (
				084AB646C62E07DB73DC8842 /* Pods_CinemaList_AlkemyChallengue.framework in Frameworks */,
			);
			runOnlyForDeploymentPostprocessing = 0;
		};
/* End PBXFrameworksBuildPhase section */

/* Begin PBXGroup section */
		A14366C8D6BBEFA35F19DB3A /* Pods */ = {
			isa = PBXGroup;
			children = (
				54682F1F1BD3264F3E2D4772 /* Pods-CinemaList-AlkemyChallengue.debug.xcconfig */,
				E213FE5105535D930B2618AC /* Pods-CinemaList-AlkemyChallengue.release.xcconfig */,
			);
			path = Pods;
			sourceTree = "<group>";
		};
		D248E23E280CD6D400A300CE = {
			isa = PBXGroup;
			children = (
				D248E249280CD6D400A300CE /* CinemaList-AlkemyChallengue */,
				D248E248280CD6D400A300CE /* Products */,
				A14366C8D6BBEFA35F19DB3A /* Pods */,
				F4BAF4D26668D3F5FB289DB4 /* Frameworks */,
			);
			sourceTree = "<group>";
		};
		D248E248280CD6D400A300CE /* Products */ = {
			isa = PBXGroup;
			children = (
				D248E247280CD6D400A300CE /* CinemaList-AlkemyChallengue.app */,
			);
			name = Products;
			sourceTree = "<group>";
		};
		D248E249280CD6D400A300CE /* CinemaList-AlkemyChallengue */ = {
			isa = PBXGroup;
			children = (
				D248E26C280D0BAB00A300CE /* View Model */,
				D248E26B280D0BA700A300CE /* Model */,
				D248E26A280D0BA100A300CE /* View */,
				D248E268280CE64800A300CE /* APIConection.swift */,
				D248E24A280CD6D400A300CE /* AppDelegate.swift */,
				D248E24C280CD6D400A300CE /* SceneDelegate.swift */,
				D248E253280CD6D700A300CE /* Assets.xcassets */,
				D248E255280CD6D700A300CE /* LaunchScreen.storyboard */,
				D248E258280CD6D700A300CE /* Info.plist */,
			);
			path = "CinemaList-AlkemyChallengue";
			sourceTree = "<group>";
		};
		D248E26A280D0BA100A300CE /* View */ = {
			isa = PBXGroup;
			children = (
				D248E25E280CD72D00A300CE /* MovieListViewController.swift */,
				D248E25F280CD72D00A300CE /* MovieListViewController.xib */,
				D248E262280CDA0B00A300CE /* MovieCell.swift */,
				D248E263280CDA0B00A300CE /* MovieCell.xib */,
			);
			path = View;
			sourceTree = "<group>";
		};
		D248E26B280D0BA700A300CE /* Model */ = {
			isa = PBXGroup;
			children = (
				D248E266280CE50600A300CE /* MovieModel.swift */,
			);
			path = Model;
			sourceTree = "<group>";
		};
		D248E26C280D0BAB00A300CE /* View Model */ = {
			isa = PBXGroup;
			children = (
			);
			path = "View Model";
			sourceTree = "<group>";
		};
		F4BAF4D26668D3F5FB289DB4 /* Frameworks */ = {
			isa = PBXGroup;
			children = (
				E12262575B5580FECB67C7A1 /* Pods_CinemaList_AlkemyChallengue.framework */,
			);
			name = Frameworks;
			sourceTree = "<group>";
		};
/* End PBXGroup section */

/* Begin PBXNativeTarget section */
		D248E246280CD6D400A300CE /* CinemaList-AlkemyChallengue */ = {
			isa = PBXNativeTarget;
			buildConfigurationList = D248E25B280CD6D700A300CE /* Build configuration list for PBXNativeTarget "CinemaList-AlkemyChallengue" */;
			buildPhases = (
				0136F85CF1C3A49C143C11D6 /* [CP] Check Pods Manifest.lock */,
				D248E243280CD6D400A300CE /* Sources */,
				D248E244280CD6D400A300CE /* Frameworks */,
				D248E245280CD6D400A300CE /* Resources */,
				69E3B2816F4B56E59D936F77 /* [CP] Embed Pods Frameworks */,
			);
			buildRules = (
			);
			dependencies = (
			);
			name = "CinemaList-AlkemyChallengue";
			productName = "CinemaList-AlkemyChallengue";
			productReference = D248E247280CD6D400A300CE /* CinemaList-AlkemyChallengue.app */;
			productType = "com.apple.product-type.application";
		};
/* End PBXNativeTarget section */

/* Begin PBXProject section */
		D248E23F280CD6D400A300CE /* Project object */ = {
			isa = PBXProject;
			attributes = {
				BuildIndependentTargetsInParallel = 1;
				LastSwiftUpdateCheck = 1320;
				LastUpgradeCheck = 1320;
				TargetAttributes = {
					D248E246280CD6D400A300CE = {
						CreatedOnToolsVersion = 13.2.1;
					};
				};
			};
			buildConfigurationList = D248E242280CD6D400A300CE /* Build configuration list for PBXProject "CinemaList-AlkemyChallengue" */;
			compatibilityVersion = "Xcode 13.0";
			developmentRegion = en;
			hasScannedForEncodings = 0;
			knownRegions = (
				en,
				Base,
			);
			mainGroup = D248E23E280CD6D400A300CE;
			productRefGroup = D248E248280CD6D400A300CE /* Products */;
			projectDirPath = "";
			projectRoot = "";
			targets = (
				D248E246280CD6D400A300CE /* CinemaList-AlkemyChallengue */,
			);
		};
/* End PBXProject section */

/* Begin PBXResourcesBuildPhase section */
		D248E245280CD6D400A300CE /* Resources */ = {
			isa = PBXResourcesBuildPhase;
			buildActionMask = 2147483647;
			files = (
				D248E261280CD72D00A300CE /* MovieListViewController.xib in Resources */,
				D248E257280CD6D700A300CE /* LaunchScreen.storyboard in Resources */,
				D248E265280CDA0B00A300CE /* MovieCell.xib in Resources */,
				D248E254280CD6D700A300CE /* Assets.xcassets in Resources */,
			);
			runOnlyForDeploymentPostprocessing = 0;
		};
/* End PBXResourcesBuildPhase section */

/* Begin PBXShellScriptBuildPhase section */
		0136F85CF1C3A49C143C11D6 /* [CP] Check Pods Manifest.lock */ = {
			isa = PBXShellScriptBuildPhase;
			buildActionMask = 2147483647;
			files = (
			);
			inputFileListPaths = (
			);
			inputPaths = (
				"${PODS_PODFILE_DIR_PATH}/Podfile.lock",
				"${PODS_ROOT}/Manifest.lock",
			);
			name = "[CP] Check Pods Manifest.lock";
			outputFileListPaths = (
			);
			outputPaths = (
				"$(DERIVED_FILE_DIR)/Pods-CinemaList-AlkemyChallengue-checkManifestLockResult.txt",
			);
			runOnlyForDeploymentPostprocessing = 0;
			shellPath = /bin/sh;
			shellScript = "diff \"${PODS_PODFILE_DIR_PATH}/Podfile.lock\" \"${PODS_ROOT}/Manifest.lock\" > /dev/null\nif [ $? != 0 ] ; then\n    # print error to STDERR\n    echo \"error: The sandbox is not in sync with the Podfile.lock. Run 'pod install' or update your CocoaPods installation.\" >&2\n    exit 1\nfi\n# This output is used by Xcode 'outputs' to avoid re-running this script phase.\necho \"SUCCESS\" > \"${SCRIPT_OUTPUT_FILE_0}\"\n";
			showEnvVarsInLog = 0;
		};
		69E3B2816F4B56E59D936F77 /* [CP] Embed Pods Frameworks */ = {
			isa = PBXShellScriptBuildPhase;
			buildActionMask = 2147483647;
			files = (
			);
			inputFileListPaths = (
				"${PODS_ROOT}/Target Support Files/Pods-CinemaList-AlkemyChallengue/Pods-CinemaList-AlkemyChallengue-frameworks-${CONFIGURATION}-input-files.xcfilelist",
			);
			name = "[CP] Embed Pods Frameworks";
			outputFileListPaths = (
				"${PODS_ROOT}/Target Support Files/Pods-CinemaList-AlkemyChallengue/Pods-CinemaList-AlkemyChallengue-frameworks-${CONFIGURATION}-output-files.xcfilelist",
			);
			runOnlyForDeploymentPostprocessing = 0;
			shellPath = /bin/sh;
			shellScript = "\"${PODS_ROOT}/Target Support Files/Pods-CinemaList-AlkemyChallengue/Pods-CinemaList-AlkemyChallengue-frameworks.sh\"\n";
			showEnvVarsInLog = 0;
		};
/* End PBXShellScriptBuildPhase section */

/* Begin PBXSourcesBuildPhase section */
		D248E243280CD6D400A300CE /* Sources */ = {
			isa = PBXSourcesBuildPhase;
			buildActionMask = 2147483647;
			files = (
				D248E267280CE50600A300CE /* MovieModel.swift in Sources */,
				D248E24B280CD6D400A300CE /* AppDelegate.swift in Sources */,
				D248E24D280CD6D400A300CE /* SceneDelegate.swift in Sources */,
				D248E264280CDA0B00A300CE /* MovieCell.swift in Sources */,
				D248E260280CD72D00A300CE /* MovieListViewController.swift in Sources */,
				D248E269280CE64900A300CE /* APIConection.swift in Sources */,
			);
			runOnlyForDeploymentPostprocessing = 0;
		};
/* End PBXSourcesBuildPhase section */

/* Begin PBXVariantGroup section */
		D248E255280CD6D700A300CE /* LaunchScreen.storyboard */ = {
			isa = PBXVariantGroup;
			children = (
				D248E256280CD6D700A300CE /* Base */,
			);
			name = LaunchScreen.storyboard;
			sourceTree = "<group>";
		};
/* End PBXVariantGroup section */

/* Begin XCBuildConfiguration section */
		D248E259280CD6D700A300CE /* Debug */ = {
			isa = XCBuildConfiguration;
			buildSettings = {
				ALWAYS_SEARCH_USER_PATHS = NO;
				CLANG_ANALYZER_NONNULL = YES;
				CLANG_ANALYZER_NUMBER_OBJECT_CONVERSION = YES_AGGRESSIVE;
				CLANG_CXX_LANGUAGE_STANDARD = "gnu++17";
				CLANG_CXX_LIBRARY = "libc++";
				CLANG_ENABLE_MODULES = YES;
				CLANG_ENABLE_OBJC_ARC = YES;
				CLANG_ENABLE_OBJC_WEAK = YES;
				CLANG_WARN_BLOCK_CAPTURE_AUTORELEASING = YES;
				CLANG_WARN_BOOL_CONVERSION = YES;
				CLANG_WARN_COMMA = YES;
				CLANG_WARN_CONSTANT_CONVERSION = YES;
				CLANG_WARN_DEPRECATED_OBJC_IMPLEMENTATIONS = YES;
				CLANG_WARN_DIRECT_OBJC_ISA_USAGE = YES_ERROR;
				CLANG_WARN_DOCUMENTATION_COMMENTS = YES;
				CLANG_WARN_EMPTY_BODY = YES;
				CLANG_WARN_ENUM_CONVERSION = YES;
				CLANG_WARN_INFINITE_RECURSION = YES;
				CLANG_WARN_INT_CONVERSION = YES;
				CLANG_WARN_NON_LITERAL_NULL_CONVERSION = YES;
				CLANG_WARN_OBJC_IMPLICIT_RETAIN_SELF = YES;
				CLANG_WARN_OBJC_LITERAL_CONVERSION = YES;
				CLANG_WARN_OBJC_ROOT_CLASS = YES_ERROR;
				CLANG_WARN_QUOTED_INCLUDE_IN_FRAMEWORK_HEADER = YES;
				CLANG_WARN_RANGE_LOOP_ANALYSIS = YES;
				CLANG_WARN_STRICT_PROTOTYPES = YES;
				CLANG_WARN_SUSPICIOUS_MOVE = YES;
				CLANG_WARN_UNGUARDED_AVAILABILITY = YES_AGGRESSIVE;
				CLANG_WARN_UNREACHABLE_CODE = YES;
				CLANG_WARN__DUPLICATE_METHOD_MATCH = YES;
				COPY_PHASE_STRIP = NO;
				DEBUG_INFORMATION_FORMAT = dwarf;
				ENABLE_STRICT_OBJC_MSGSEND = YES;
				ENABLE_TESTABILITY = YES;
				GCC_C_LANGUAGE_STANDARD = gnu11;
				GCC_DYNAMIC_NO_PIC = NO;
				GCC_NO_COMMON_BLOCKS = YES;
				GCC_OPTIMIZATION_LEVEL = 0;
				GCC_PREPROCESSOR_DEFINITIONS = (
					"DEBUG=1",
					"$(inherited)",
				);
				GCC_WARN_64_TO_32_BIT_CONVERSION = YES;
				GCC_WARN_ABOUT_RETURN_TYPE = YES_ERROR;
				GCC_WARN_UNDECLARED_SELECTOR = YES;
				GCC_WARN_UNINITIALIZED_AUTOS = YES_AGGRESSIVE;
				GCC_WARN_UNUSED_FUNCTION = YES;
				GCC_WARN_UNUSED_VARIABLE = YES;
				IPHONEOS_DEPLOYMENT_TARGET = 15.2;
				MTL_ENABLE_DEBUG_INFO = INCLUDE_SOURCE;
				MTL_FAST_MATH = YES;
				ONLY_ACTIVE_ARCH = YES;
				SDKROOT = iphoneos;
				SWIFT_ACTIVE_COMPILATION_CONDITIONS = DEBUG;
				SWIFT_OPTIMIZATION_LEVEL = "-Onone";
			};
			name = Debug;
		};
		D248E25A280CD6D700A300CE /* Release */ = {
			isa = XCBuildConfiguration;
			buildSettings = {
				ALWAYS_SEARCH_USER_PATHS = NO;
				CLANG_ANALYZER_NONNULL = YES;
				CLANG_ANALYZER_NUMBER_OBJECT_CONVERSION = YES_AGGRESSIVE;
				CLANG_CXX_LANGUAGE_STANDARD = "gnu++17";
				CLANG_CXX_LIBRARY = "libc++";
				CLANG_ENABLE_MODULES = YES;
				CLANG_ENABLE_OBJC_ARC = YES;
				CLANG_ENABLE_OBJC_WEAK = YES;
				CLANG_WARN_BLOCK_CAPTURE_AUTORELEASING = YES;
				CLANG_WARN_BOOL_CONVERSION = YES;
				CLANG_WARN_COMMA = YES;
				CLANG_WARN_CONSTANT_CONVERSION = YES;
				CLANG_WARN_DEPRECATED_OBJC_IMPLEMENTATIONS = YES;
				CLANG_WARN_DIRECT_OBJC_ISA_USAGE = YES_ERROR;
				CLANG_WARN_DOCUMENTATION_COMMENTS = YES;
				CLANG_WARN_EMPTY_BODY = YES;
				CLANG_WARN_ENUM_CONVERSION = YES;
				CLANG_WARN_INFINITE_RECURSION = YES;
				CLANG_WARN_INT_CONVERSION = YES;
				CLANG_WARN_NON_LITERAL_NULL_CONVERSION = YES;
				CLANG_WARN_OBJC_IMPLICIT_RETAIN_SELF = YES;
				CLANG_WARN_OBJC_LITERAL_CONVERSION = YES;
				CLANG_WARN_OBJC_ROOT_CLASS = YES_ERROR;
				CLANG_WARN_QUOTED_INCLUDE_IN_FRAMEWORK_HEADER = YES;
				CLANG_WARN_RANGE_LOOP_ANALYSIS = YES;
				CLANG_WARN_STRICT_PROTOTYPES = YES;
				CLANG_WARN_SUSPICIOUS_MOVE = YES;
				CLANG_WARN_UNGUARDED_AVAILABILITY = YES_AGGRESSIVE;
				CLANG_WARN_UNREACHABLE_CODE = YES;
				CLANG_WARN__DUPLICATE_METHOD_MATCH = YES;
				COPY_PHASE_STRIP = NO;
				DEBUG_INFORMATION_FORMAT = "dwarf-with-dsym";
				ENABLE_NS_ASSERTIONS = NO;
				ENABLE_STRICT_OBJC_MSGSEND = YES;
				GCC_C_LANGUAGE_STANDARD = gnu11;
				GCC_NO_COMMON_BLOCKS = YES;
				GCC_WARN_64_TO_32_BIT_CONVERSION = YES;
				GCC_WARN_ABOUT_RETURN_TYPE = YES_ERROR;
				GCC_WARN_UNDECLARED_SELECTOR = YES;
				GCC_WARN_UNINITIALIZED_AUTOS = YES_AGGRESSIVE;
				GCC_WARN_UNUSED_FUNCTION = YES;
				GCC_WARN_UNUSED_VARIABLE = YES;
				IPHONEOS_DEPLOYMENT_TARGET = 15.2;
				MTL_ENABLE_DEBUG_INFO = NO;
				MTL_FAST_MATH = YES;
				SDKROOT = iphoneos;
				SWIFT_COMPILATION_MODE = wholemodule;
				SWIFT_OPTIMIZATION_LEVEL = "-O";
				VALIDATE_PRODUCT = YES;
			};
			name = Release;
		};
		D248E25C280CD6D700A300CE /* Debug */ = {
			isa = XCBuildConfiguration;
			baseConfigurationReference = 54682F1F1BD3264F3E2D4772 /* Pods-CinemaList-AlkemyChallengue.debug.xcconfig */;
			buildSettings = {
				ASSETCATALOG_COMPILER_APPICON_NAME = AppIcon;
				ASSETCATALOG_COMPILER_GLOBAL_ACCENT_COLOR_NAME = AccentColor;
				CODE_SIGN_STYLE = Automatic;
				CURRENT_PROJECT_VERSION = 1;
				DEVELOPMENT_TEAM = K6M8KNJT3U;
				GENERATE_INFOPLIST_FILE = YES;
				INFOPLIST_FILE = "CinemaList-AlkemyChallengue/Info.plist";
				INFOPLIST_KEY_NSMainNibFile = MovieListViewController;
				INFOPLIST_KEY_UIApplicationSupportsIndirectInputEvents = YES;
				INFOPLIST_KEY_UILaunchStoryboardName = LaunchScreen;
				INFOPLIST_KEY_UISupportedInterfaceOrientations_iPad = "UIInterfaceOrientationPortrait UIInterfaceOrientationPortraitUpsideDown UIInterfaceOrientationLandscapeLeft UIInterfaceOrientationLandscapeRight";
				INFOPLIST_KEY_UISupportedInterfaceOrientations_iPhone = "UIInterfaceOrientationPortrait UIInterfaceOrientationLandscapeLeft UIInterfaceOrientationLandscapeRight";
				LD_RUNPATH_SEARCH_PATHS = (
					"$(inherited)",
					"@executable_path/Frameworks",
				);
				MARKETING_VERSION = 1.0;
				PRODUCT_BUNDLE_IDENTIFIER = "com.SevenSoftware.CinemaList-AlkemyChallengue";
				PRODUCT_NAME = "$(TARGET_NAME)";
				SWIFT_EMIT_LOC_STRINGS = YES;
				SWIFT_VERSION = 5.0;
				TARGETED_DEVICE_FAMILY = "1,2";
			};
			name = Debug;
		};
		D248E25D280CD6D700A300CE /* Release */ = {
			isa = XCBuildConfiguration;
			baseConfigurationReference = E213FE5105535D930B2618AC /* Pods-CinemaList-AlkemyChallengue.release.xcconfig */;
			buildSettings = {
				ASSETCATALOG_COMPILER_APPICON_NAME = AppIcon;
				ASSETCATALOG_COMPILER_GLOBAL_ACCENT_COLOR_NAME = AccentColor;
				CODE_SIGN_STYLE = Automatic;
				CURRENT_PROJECT_VERSION = 1;
				DEVELOPMENT_TEAM = K6M8KNJT3U;
				GENERATE_INFOPLIST_FILE = YES;
				INFOPLIST_FILE = "CinemaList-AlkemyChallengue/Info.plist";
				INFOPLIST_KEY_NSMainNibFile = MovieListViewController;
				INFOPLIST_KEY_UIApplicationSupportsIndirectInputEvents = YES;
				INFOPLIST_KEY_UILaunchStoryboardName = LaunchScreen;
				INFOPLIST_KEY_UISupportedInterfaceOrientations_iPad = "UIInterfaceOrientationPortrait UIInterfaceOrientationPortraitUpsideDown UIInterfaceOrientationLandscapeLeft UIInterfaceOrientationLandscapeRight";
				INFOPLIST_KEY_UISupportedInterfaceOrientations_iPhone = "UIInterfaceOrientationPortrait UIInterfaceOrientationLandscapeLeft UIInterfaceOrientationLandscapeRight";
				LD_RUNPATH_SEARCH_PATHS = (
					"$(inherited)",
					"@executable_path/Frameworks",
				);
				MARKETING_VERSION = 1.0;
				PRODUCT_BUNDLE_IDENTIFIER = "com.SevenSoftware.CinemaList-AlkemyChallengue";
				PRODUCT_NAME = "$(TARGET_NAME)";
				SWIFT_EMIT_LOC_STRINGS = YES;
				SWIFT_VERSION = 5.0;
				TARGETED_DEVICE_FAMILY = "1,2";
			};
			name = Release;
		};
/* End XCBuildConfiguration section */

/* Begin XCConfigurationList section */
		D248E242280CD6D400A300CE /* Build configuration list for PBXProject "CinemaList-AlkemyChallengue" */ = {
			isa = XCConfigurationList;
			buildConfigurations = (
				D248E259280CD6D700A300CE /* Debug */,
				D248E25A280CD6D700A300CE /* Release */,
			);
			defaultConfigurationIsVisible = 0;
			defaultConfigurationName = Release;
		};
		D248E25B280CD6D700A300CE /* Build configuration list for PBXNativeTarget "CinemaList-AlkemyChallengue" */ = {
			isa = XCConfigurationList;
			buildConfigurations = (
				D248E25C280CD6D700A300CE /* Debug */,
				D248E25D280CD6D700A300CE /* Release */,
			);
			defaultConfigurationIsVisible = 0;
			defaultConfigurationName = Release;
		};
/* End XCConfigurationList section */
	};
	rootObject = D248E23F280CD6D400A300CE /* Project object */;
}
